
Microsoft Visual Studio Solution File, Format Version 11.00
# Visual Studio 2010
Project("{FAE04EC0-301F-11D3-BF4B-00C04F79EFBC}") = "KTouch", "KTouch\KTouch.csproj", "{DF14B091-A7E6-4EEE-B3CF-FD8414D9DE30}"
EndProject
Project("{FAE04EC0-301F-11D3-BF4B-00C04F79EFBC}") = "KTouch.Controls", "PageControlLib\KTouch.Controls.csproj", "{F2331F28-A784-40A2-8099-07D3D8D0ED64}"
EndProject
Project("{FAE04EC0-301F-11D3-BF4B-00C04F79EFBC}") = "KTouch.Units", "KTouch.Units\KTouch.Units.csproj", "{090E6F01-A5BE-4815-8A0B-D3E6E5389173}"
EndProject
Project("{2150E333-8FDC-42A3-9474-1A3956D46DE8}") = "Solution Items", "Solution Items", "{A36E43AB-19DE-4B9F-9FCA-A5D70A5B0A75}"
	ProjectSection(SolutionItems) = preProject
		README.txt = README.txt
	EndProjectSection
EndProject
Global
	GlobalSection(SolutionConfigurationPlatforms) = preSolution
		Debug|Any CPU = Debug|Any CPU
		Debug|Mixed Platforms = Debug|Mixed Platforms
		Debug|x86 = Debug|x86
		Release|Any CPU = Release|Any CPU
		Release|Mixed Platforms = Release|Mixed Platforms
		Release|x86 = Release|x86
	EndGlobalSection
	GlobalSection(ProjectConfigurationPlatforms) = postSolution
		{DF14B091-A7E6-4EEE-B3CF-FD8414D9DE30}.Debug|Any CPU.ActiveCfg = Release|x86
		{DF14B091-A7E6-4EEE-B3CF-FD8414D9DE30}.Debug|Any CPU.Build.0 = Release|x86
		{DF14B091-A7E6-4EEE-B3CF-FD8414D9DE30}.Debug|Mixed Platforms.ActiveCfg = Release|x86
		{DF14B091-A7E6-4EEE-B3CF-FD8414D9DE30}.Debug|Mixed Platforms.Build.0 = Release|x86
		{DF14B091-A7E6-4EEE-B3CF-FD8414D9DE30}.Debug|x86.ActiveCfg = Debug|x86
		{DF14B091-A7E6-4EEE-B3CF-FD8414D9DE30}.Debug|x86.Build.0 = Debug|x86
		{DF14B091-A7E6-4EEE-B3CF-FD8414D9DE30}.Release|Any CPU.ActiveCfg = Release|x86
		{DF14B091-A7E6-4EEE-B3CF-FD8414D9DE30}.Release|Any CPU.Build.0 = Release|x86
		{DF14B091-A7E6-4EEE-B3CF-FD8414D9DE30}.Release|Mixed Platforms.ActiveCfg = Release|x86
		{DF14B091-A7E6-4EEE-B3CF-FD8414D9DE30}.Release|Mixed Platforms.Build.0 = Release|x86
		{DF14B091-A7E6-4EEE-B3CF-FD8414D9DE30}.Release|x86.ActiveCfg = Release|x86
		{DF14B091-A7E6-4EEE-B3CF-FD8414D9DE30}.Release|x86.Build.0 = Release|x86
		{F2331F28-A784-40A2-8099-07D3D8D0ED64}.Debug|Any CPU.ActiveCfg = Release|Any CPU
		{F2331F28-A784-40A2-8099-07D3D8D0ED64}.Debug|Any CPU.Build.0 = Release|Any CPU
		{F2331F28-A784-40A2-8099-07D3D8D0ED64}.Debug|Mixed Platforms.ActiveCfg = Release|Any CPU
		{F2331F28-A784-40A2-8099-07D3D8D0ED64}.Debug|Mixed Platforms.Build.0 = Release|Any CPU
		{F2331F28-A784-40A2-8099-07D3D8D0ED64}.Debug|x86.ActiveCfg = Debug|Any CPU
		{F2331F28-A784-40A2-8099-07D3D8D0ED64}.Release|Any CPU.ActiveCfg = Release|Any CPU
		{F2331F28-A784-40A2-8099-07D3D8D0ED64}.Release|Any CPU.Build.0 = Release|Any CPU
		{F2331F28-A784-40A2-8099-07D3D8D0ED64}.Release|Mixed Platforms.ActiveCfg = Release|Any CPU
		{F2331F28-A784-40A2-8099-07D3D8D0ED64}.Release|Mixed Platforms.Build.0 = Release|Any CPU
		{F2331F28-A784-40A2-8099-07D3D8D0ED64}.Release|x86.ActiveCfg = Release|Any CPU
		{090E6F01-A5BE-4815-8A0B-D3E6E5389173}.Debug|Any CPU.ActiveCfg = Release|Any CPU
		{090E6F01-A5BE-4815-8A0B-D3E6E5389173}.Debug|Any CPU.Build.0 = Release|Any CPU
		{090E6F01-A5BE-4815-8A0B-D3E6E5389173}.Debug|Mixed Platforms.ActiveCfg = Release|Any CPU
		{090E6F01-A5BE-4815-8A0B-D3E6E5389173}.Debug|Mixed Platforms.Build.0 = Release|Any CPU
		{090E6F01-A5BE-4815-8A0B-D3E6E5389173}.Debug|x86.ActiveCfg = Debug|Any CPU
		{090E6F01-A5BE-4815-8A0B-D3E6E5389173}.Release|Any CPU.ActiveCfg = Release|Any CPU
		{090E6F01-A5BE-4815-8A0B-D3E6E5389173}.Release|Any CPU.Build.0 = Release|Any CPU
		{090E6F01-A5BE-4815-8A0B-D3E6E5389173}.Release|Mixed Platforms.ActiveCfg = Release|Any CPU
		{090E6F01-A5BE-4815-8A0B-D3E6E5389173}.Release|Mixed Platforms.Build.0 = Release|Any CPU
		{090E6F01-A5BE-4815-8A0B-D3E6E5389173}.Release|x86.ActiveCfg = Release|Any CPU
	EndGlobalSection
	GlobalSection(SolutionProperties) = preSolution
		HideSolutionNode = FALSE
	EndGlobalSection
EndGlobal
